
Microsoft Visual Studio Solution File, Format Version 12.00
# Visual Studio 15
VisualStudioVersion = 15.0.27130.2027
MinimumVisualStudioVersion = 10.0.40219.1
Project("{FAE04EC0-301F-11D3-BF4B-00C04F79EFBC}") = "CircleArea12DigitsPrecision", "CircleArea12DigitsPrecision\CircleArea12DigitsPrecision.csproj", "{39DA4086-4CC6-4AB5-94B4-FBE514E50340}"
EndProject
Project("{FAE04EC0-301F-11D3-BF4B-00C04F79EFBC}") = "PrintingTriangle", "PrintingTriangle\PrintingTriangle.csproj", "{03912F21-234F-49A9-915A-B26820B176FF}"
EndProject
Project("{FAE04EC0-301F-11D3-BF4B-00C04F79EFBC}") = "RemoveNegativesAndReverse", "RemoveNegativesAndReverse\RemoveNegativesAndReverse.csproj", "{B627AE1A-39E8-4A76-9AA4-508214DA2784}"
EndProject
Global
	GlobalSection(SolutionConfigurationPlatforms) = preSolution
		Debug|Any CPU = Debug|Any CPU
		Release|Any CPU = Release|Any CPU
	EndGlobalSection
	GlobalSection(ProjectConfigurationPlatforms) = postSolution
		{39DA4086-4CC6-4AB5-94B4-FBE514E50340}.Debug|Any CPU.ActiveCfg = Debug|Any CPU
		{39DA4086-4CC6-4AB5-94B4-FBE514E50340}.Debug|Any CPU.Build.0 = Debug|Any CPU
		{39DA4086-4CC6-4AB5-94B4-FBE514E50340}.Release|Any CPU.ActiveCfg = Release|Any CPU
		{39DA4086-4CC6-4AB5-94B4-FBE514E50340}.Release|Any CPU.Build.0 = Release|Any CPU
		{03912F21-234F-49A9-915A-B26820B176FF}.Debug|Any CPU.ActiveCfg = Debug|Any CPU
		{03912F21-234F-49A9-915A-B26820B176FF}.Debug|Any CPU.Build.0 = Debug|Any CPU
		{03912F21-234F-49A9-915A-B26820B176FF}.Release|Any CPU.ActiveCfg = Release|Any CPU
		{03912F21-234F-49A9-915A-B26820B176FF}.Release|Any CPU.Build.0 = Release|Any CPU
		{B627AE1A-39E8-4A76-9AA4-508214DA2784}.Debug|Any CPU.ActiveCfg = Debug|Any CPU
		{B627AE1A-39E8-4A76-9AA4-508214DA2784}.Debug|Any CPU.Build.0 = Debug|Any CPU
		{B627AE1A-39E8-4A76-9AA4-508214DA2784}.Release|Any CPU.ActiveCfg = Release|Any CPU
		{B627AE1A-39E8-4A76-9AA4-508214DA2784}.Release|Any CPU.Build.0 = Release|Any CPU
	EndGlobalSection
	GlobalSection(SolutionProperties) = preSolution
		HideSolutionNode = FALSE
	EndGlobalSection
	GlobalSection(ExtensibilityGlobals) = postSolution
		SolutionGuid = {5000BF14-6648-4011-A54A-96B3D83928B0}
	EndGlobalSection
EndGlobal
